PODS:
  - ColorPickerSlider (0.1.0)

DEPENDENCIES:
  - ColorPickerSlider (from `../`)

EXTERNAL SOURCES:
  ColorPickerSlider:
    :path: "../"

SPEC CHECKSUMS:
  ColorPickerSlider: 05ca947ae31afd04cec9be4c27246a2b7e0bee4d

PODFILE CHECKSUM: aa6a66d329207c3ae1460a8e9cd3c8f7757ff42c

COCOAPODS: 1.1.1
