PODS:
  - ColorPickerSlider (0.1.0)

DEPENDENCIES:
  - ColorPickerSlider (from `../`)

EXTERNAL SOURCES:
  ColorPickerSlider:
    :path: "../"

SPEC CHECKSUMS:
  ColorPickerSlider: 41ca62c7d8278e0b633ae16c16bd86de37314be6

PODFILE CHECKSUM: aa6a66d329207c3ae1460a8e9cd3c8f7757ff42c

COCOAPODS: 1.0.1
